// !$*UTF8*$!
{
	archiveVersion = 1;
	classes = {
	};
	objectVersion = 56;
	objects = {

/* Begin PBXBuildFile section */
		4B614C8B2B19ADEC00F23DCC /* GoogleService-Info.plist in Resources */ = {isa = PBXBuildFile; fileRef = 4B614C8A2B19ADEC00F23DCC /* GoogleService-Info.plist */; };
		4B614C8E2B19B07C00F23DCC /* FirebaseAnalytics in Frameworks */ = {isa = PBXBuildFile; productRef = 4B614C8D2B19B07C00F23DCC /* FirebaseAnalytics */; };
		4B614C902B19B07C00F23DCC /* FirebaseAnalyticsOnDeviceConversion in Frameworks */ = {isa = PBXBuildFile; productRef = 4B614C8F2B19B07C00F23DCC /* FirebaseAnalyticsOnDeviceConversion */; };
		4B614C922B19B07C00F23DCC /* FirebaseAnalyticsSwift in Frameworks */ = {isa = PBXBuildFile; productRef = 4B614C912B19B07C00F23DCC /* FirebaseAnalyticsSwift */; };
		4B614C942B19B07C00F23DCC /* FirebaseAnalyticsWithoutAdIdSupport in Frameworks */ = {isa = PBXBuildFile; productRef = 4B614C932B19B07C00F23DCC /* FirebaseAnalyticsWithoutAdIdSupport */; };
		4B614C962B19B07C00F23DCC /* FirebaseAppCheck in Frameworks */ = {isa = PBXBuildFile; productRef = 4B614C952B19B07C00F23DCC /* FirebaseAppCheck */; };
		4B614C982B19B07C00F23DCC /* FirebaseAppDistribution-Beta in Frameworks */ = {isa = PBXBuildFile; productRef = 4B614C972B19B07C00F23DCC /* FirebaseAppDistribution-Beta */; };
		4B614C9A2B19B07C00F23DCC /* FirebaseAuth in Frameworks */ = {isa = PBXBuildFile; productRef = 4B614C992B19B07C00F23DCC /* FirebaseAuth */; };
		4B614C9C2B19B07C00F23DCC /* FirebaseAuthCombine-Community in Frameworks */ = {isa = PBXBuildFile; productRef = 4B614C9B2B19B07C00F23DCC /* FirebaseAuthCombine-Community */; };
		4B614C9E2B19B07C00F23DCC /* FirebaseCrashlytics in Frameworks */ = {isa = PBXBuildFile; productRef = 4B614C9D2B19B07C00F23DCC /* FirebaseCrashlytics */; };
		4B614CA02B19B07C00F23DCC /* FirebaseDatabase in Frameworks */ = {isa = PBXBuildFile; productRef = 4B614C9F2B19B07C00F23DCC /* FirebaseDatabase */; };
		4B614CA22B19B07C00F23DCC /* FirebaseDatabaseSwift in Frameworks */ = {isa = PBXBuildFile; productRef = 4B614CA12B19B07C00F23DCC /* FirebaseDatabaseSwift */; };
		4B614CA42B19B07C00F23DCC /* FirebaseDynamicLinks in Frameworks */ = {isa = PBXBuildFile; productRef = 4B614CA32B19B07C00F23DCC /* FirebaseDynamicLinks */; };
		4B614CA62B19B07C00F23DCC /* FirebaseFirestore in Frameworks */ = {isa = PBXBuildFile; productRef = 4B614CA52B19B07C00F23DCC /* FirebaseFirestore */; };
		4B614CA82B19B07C00F23DCC /* FirebaseFirestoreCombine-Community in Frameworks */ = {isa = PBXBuildFile; productRef = 4B614CA72B19B07C00F23DCC /* FirebaseFirestoreCombine-Community */; };
		4B614CAA2B19B07C00F23DCC /* FirebaseFirestoreSwift in Frameworks */ = {isa = PBXBuildFile; productRef = 4B614CA92B19B07C00F23DCC /* FirebaseFirestoreSwift */; };
		4B614CAC2B19B07C00F23DCC /* FirebaseFunctions in Frameworks */ = {isa = PBXBuildFile; productRef = 4B614CAB2B19B07C00F23DCC /* FirebaseFunctions */; };
		4B614CAE2B19B07C00F23DCC /* FirebaseFunctionsCombine-Community in Frameworks */ = {isa = PBXBuildFile; productRef = 4B614CAD2B19B07C00F23DCC /* FirebaseFunctionsCombine-Community */; };
		4B614CB02B19B07C00F23DCC /* FirebaseInAppMessaging-Beta in Frameworks */ = {isa = PBXBuildFile; productRef = 4B614CAF2B19B07C00F23DCC /* FirebaseInAppMessaging-Beta */; };
		4B614CB22B19BB8F00F23DCC /* Users.swift in Sources */ = {isa = PBXBuildFile; fileRef = 4B614CB12B19BB8F00F23DCC /* Users.swift */; };
		4B614CB82B19D4D100F23DCC /* CategoryCollectionViewCell.swift in Sources */ = {isa = PBXBuildFile; fileRef = 4B614CB62B19D4D100F23DCC /* CategoryCollectionViewCell.swift */; };
		4B614CB92B19D4D100F23DCC /* CategoryCollectionViewCell.xib in Resources */ = {isa = PBXBuildFile; fileRef = 4B614CB72B19D4D100F23DCC /* CategoryCollectionViewCell.xib */; };
		4B614CBB2B19D64400F23DCC /* DishCategory.swift in Sources */ = {isa = PBXBuildFile; fileRef = 4B614CBA2B19D64400F23DCC /* DishCategory.swift */; };
		4B614CBE2B19DF0000F23DCC /* CardView.swift in Sources */ = {isa = PBXBuildFile; fileRef = 4B614CBD2B19DF0000F23DCC /* CardView.swift */; };
		4B614CC42B19F6D500F23DCC /* PopularCollectionViewCell.swift in Sources */ = {isa = PBXBuildFile; fileRef = 4B614CC22B19F6D500F23DCC /* PopularCollectionViewCell.swift */; };
		4B614CC52B19F6D500F23DCC /* PopularCollectionViewCell.xib in Resources */ = {isa = PBXBuildFile; fileRef = 4B614CC32B19F6D500F23DCC /* PopularCollectionViewCell.xib */; };
		4B614CC72B19F7F600F23DCC /* Foods.swift in Sources */ = {isa = PBXBuildFile; fileRef = 4B614CC62B19F7F500F23DCC /* Foods.swift */; };
		4B614CCA2B1A015E00F23DCC /* UIView+Extension.swift in Sources */ = {isa = PBXBuildFile; fileRef = 4B614CC92B1A015E00F23DCC /* UIView+Extension.swift */; };
		4B8CE37D2B18A20D00E34BCD /* AppDelegate.swift in Sources */ = {isa = PBXBuildFile; fileRef = 4B8CE37C2B18A20D00E34BCD /* AppDelegate.swift */; };
		4B8CE37F2B18A20D00E34BCD /* SceneDelegate.swift in Sources */ = {isa = PBXBuildFile; fileRef = 4B8CE37E2B18A20D00E34BCD /* SceneDelegate.swift */; };
		4B8CE3842B18A20D00E34BCD /* Main.storyboard in Resources */ = {isa = PBXBuildFile; fileRef = 4B8CE3822B18A20D00E34BCD /* Main.storyboard */; };
		4B8CE3872B18A20D00E34BCD /* VeganFuel.xcdatamodeld in Sources */ = {isa = PBXBuildFile; fileRef = 4B8CE3852B18A20D00E34BCD /* VeganFuel.xcdatamodeld */; };
		4B8CE3892B18A20F00E34BCD /* Assets.xcassets in Resources */ = {isa = PBXBuildFile; fileRef = 4B8CE3882B18A20F00E34BCD /* Assets.xcassets */; };
		4B8CE38C2B18A20F00E34BCD /* LaunchScreen.storyboard in Resources */ = {isa = PBXBuildFile; fileRef = 4B8CE38A2B18A20F00E34BCD /* LaunchScreen.storyboard */; };
		4B8CE3982B18A46100E34BCD /* OnboardingViewController.swift in Sources */ = {isa = PBXBuildFile; fileRef = 4B8CE3972B18A46100E34BCD /* OnboardingViewController.swift */; };
		4B8CE39A2B18A7E300E34BCD /* OnboardingSlide.swift in Sources */ = {isa = PBXBuildFile; fileRef = 4B8CE3992B18A7E300E34BCD /* OnboardingSlide.swift */; };
		4B8CE39C2B18A98900E34BCD /* OnboardingCollectionViewCell.swift in Sources */ = {isa = PBXBuildFile; fileRef = 4B8CE39B2B18A98900E34BCD /* OnboardingCollectionViewCell.swift */; };
		4B8CE39F2B18BF9300E34BCD /* HomeViewController.swift in Sources */ = {isa = PBXBuildFile; fileRef = 4B8CE39E2B18BF9300E34BCD /* HomeViewController.swift */; };
		4B8CE3A22B18C06D00E34BCD /* LoginViewController.swift in Sources */ = {isa = PBXBuildFile; fileRef = 4B8CE3A12B18C06D00E34BCD /* LoginViewController.swift */; };
		4B8CE3A42B18C9CA00E34BCD /* RegisterViewController.swift in Sources */ = {isa = PBXBuildFile; fileRef = 4B8CE3A32B18C9CA00E34BCD /* RegisterViewController.swift */; };
		4B9A628F2B1A02A400FF43E7 /* ChefSpecialCollectionViewCell.swift in Sources */ = {isa = PBXBuildFile; fileRef = 4B9A628D2B1A02A400FF43E7 /* ChefSpecialCollectionViewCell.swift */; };
		4B9A62902B1A02A400FF43E7 /* ChefSpecialCollectionViewCell.xib in Resources */ = {isa = PBXBuildFile; fileRef = 4B9A628E2B1A02A400FF43E7 /* ChefSpecialCollectionViewCell.xib */; };
		4B9A62932B1A0C8500FF43E7 /* FoodDetailViewController.swift in Sources */ = {isa = PBXBuildFile; fileRef = 4B9A62922B1A0C8500FF43E7 /* FoodDetailViewController.swift */; };
		4B9A62952B1A0DC200FF43E7 /* UIViewController+Extension.swift in Sources */ = {isa = PBXBuildFile; fileRef = 4B9A62942B1A0DC200FF43E7 /* UIViewController+Extension.swift */; };
		4B9A629A2B1A134000FF43E7 /* FoodListTableViewCell.swift in Sources */ = {isa = PBXBuildFile; fileRef = 4B9A62982B1A134000FF43E7 /* FoodListTableViewCell.swift */; };
		4B9A629B2B1A134000FF43E7 /* FoodListTableViewCell.xib in Resources */ = {isa = PBXBuildFile; fileRef = 4B9A62992B1A134000FF43E7 /* FoodListTableViewCell.xib */; };
		4B9A629E2B1A164F00FF43E7 /* FoodListViewController.swift in Sources */ = {isa = PBXBuildFile; fileRef = 4B9A629D2B1A164F00FF43E7 /* FoodListViewController.swift */; };
/* End PBXBuildFile section */

/* Begin PBXFileReference section */
		4B614C8A2B19ADEC00F23DCC /* GoogleService-Info.plist */ = {isa = PBXFileReference; fileEncoding = 4; lastKnownFileType = text.plist.xml; name = "GoogleService-Info.plist"; path = "../../../../Downloads/GoogleService-Info.plist"; sourceTree = "<group>"; };
		4B614CB12B19BB8F00F23DCC /* Users.swift */ = {isa = PBXFileReference; lastKnownFileType = sourcecode.swift; path = Users.swift; sourceTree = "<group>"; };
		4B614CB62B19D4D100F23DCC /* CategoryCollectionViewCell.swift */ = {isa = PBXFileReference; lastKnownFileType = sourcecode.swift; path = CategoryCollectionViewCell.swift; sourceTree = "<group>"; };
		4B614CB72B19D4D100F23DCC /* CategoryCollectionViewCell.xib */ = {isa = PBXFileReference; lastKnownFileType = file.xib; path = CategoryCollectionViewCell.xib; sourceTree = "<group>"; };
		4B614CBA2B19D64400F23DCC /* DishCategory.swift */ = {isa = PBXFileReference; lastKnownFileType = sourcecode.swift; path = DishCategory.swift; sourceTree = "<group>"; };
		4B614CBD2B19DF0000F23DCC /* CardView.swift */ = {isa = PBXFileReference; lastKnownFileType = sourcecode.swift; path = CardView.swift; sourceTree = "<group>"; };
		4B614CC22B19F6D500F23DCC /* PopularCollectionViewCell.swift */ = {isa = PBXFileReference; lastKnownFileType = sourcecode.swift; path = PopularCollectionViewCell.swift; sourceTree = "<group>"; };
		4B614CC32B19F6D500F23DCC /* PopularCollectionViewCell.xib */ = {isa = PBXFileReference; lastKnownFileType = file.xib; path = PopularCollectionViewCell.xib; sourceTree = "<group>"; };
		4B614CC62B19F7F500F23DCC /* Foods.swift */ = {isa = PBXFileReference; lastKnownFileType = sourcecode.swift; path = Foods.swift; sourceTree = "<group>"; };
		4B614CC92B1A015E00F23DCC /* UIView+Extension.swift */ = {isa = PBXFileReference; lastKnownFileType = sourcecode.swift; path = "UIView+Extension.swift"; sourceTree = "<group>"; };
		4B8CE3792B18A20D00E34BCD /* VeganFuel.app */ = {isa = PBXFileReference; explicitFileType = wrapper.application; includeInIndex = 0; path = VeganFuel.app; sourceTree = BUILT_PRODUCTS_DIR; };
		4B8CE37C2B18A20D00E34BCD /* AppDelegate.swift */ = {isa = PBXFileReference; lastKnownFileType = sourcecode.swift; path = AppDelegate.swift; sourceTree = "<group>"; };
		4B8CE37E2B18A20D00E34BCD /* SceneDelegate.swift */ = {isa = PBXFileReference; lastKnownFileType = sourcecode.swift; path = SceneDelegate.swift; sourceTree = "<group>"; };
		4B8CE3832B18A20D00E34BCD /* Base */ = {isa = PBXFileReference; lastKnownFileType = file.storyboard; name = Base; path = Base.lproj/Main.storyboard; sourceTree = "<group>"; };
		4B8CE3862B18A20D00E34BCD /* VeganFuel.xcdatamodel */ = {isa = PBXFileReference; lastKnownFileType = wrapper.xcdatamodel; path = VeganFuel.xcdatamodel; sourceTree = "<group>"; };
		4B8CE3882B18A20F00E34BCD /* Assets.xcassets */ = {isa = PBXFileReference; lastKnownFileType = folder.assetcatalog; path = Assets.xcassets; sourceTree = "<group>"; };
		4B8CE38B2B18A20F00E34BCD /* Base */ = {isa = PBXFileReference; lastKnownFileType = file.storyboard; name = Base; path = Base.lproj/LaunchScreen.storyboard; sourceTree = "<group>"; };
		4B8CE38D2B18A20F00E34BCD /* Info.plist */ = {isa = PBXFileReference; lastKnownFileType = text.plist.xml; path = Info.plist; sourceTree = "<group>"; };
		4B8CE3972B18A46100E34BCD /* OnboardingViewController.swift */ = {isa = PBXFileReference; lastKnownFileType = sourcecode.swift; path = OnboardingViewController.swift; sourceTree = "<group>"; };
		4B8CE3992B18A7E300E34BCD /* OnboardingSlide.swift */ = {isa = PBXFileReference; lastKnownFileType = sourcecode.swift; path = OnboardingSlide.swift; sourceTree = "<group>"; };
		4B8CE39B2B18A98900E34BCD /* OnboardingCollectionViewCell.swift */ = {isa = PBXFileReference; lastKnownFileType = sourcecode.swift; path = OnboardingCollectionViewCell.swift; sourceTree = "<group>"; };
		4B8CE39E2B18BF9300E34BCD /* HomeViewController.swift */ = {isa = PBXFileReference; lastKnownFileType = sourcecode.swift; path = HomeViewController.swift; sourceTree = "<group>"; };
		4B8CE3A12B18C06D00E34BCD /* LoginViewController.swift */ = {isa = PBXFileReference; lastKnownFileType = sourcecode.swift; path = LoginViewController.swift; sourceTree = "<group>"; };
		4B8CE3A32B18C9CA00E34BCD /* RegisterViewController.swift */ = {isa = PBXFileReference; lastKnownFileType = sourcecode.swift; path = RegisterViewController.swift; sourceTree = "<group>"; };
		4B9A628D2B1A02A400FF43E7 /* ChefSpecialCollectionViewCell.swift */ = {isa = PBXFileReference; lastKnownFileType = sourcecode.swift; path = ChefSpecialCollectionViewCell.swift; sourceTree = "<group>"; };
		4B9A628E2B1A02A400FF43E7 /* ChefSpecialCollectionViewCell.xib */ = {isa = PBXFileReference; lastKnownFileType = file.xib; path = ChefSpecialCollectionViewCell.xib; sourceTree = "<group>"; };
		4B9A62922B1A0C8500FF43E7 /* FoodDetailViewController.swift */ = {isa = PBXFileReference; lastKnownFileType = sourcecode.swift; path = FoodDetailViewController.swift; sourceTree = "<group>"; };
		4B9A62942B1A0DC200FF43E7 /* UIViewController+Extension.swift */ = {isa = PBXFileReference; lastKnownFileType = sourcecode.swift; path = "UIViewController+Extension.swift"; sourceTree = "<group>"; };
		4B9A62982B1A134000FF43E7 /* FoodListTableViewCell.swift */ = {isa = PBXFileReference; lastKnownFileType = sourcecode.swift; path = FoodListTableViewCell.swift; sourceTree = "<group>"; };
		4B9A62992B1A134000FF43E7 /* FoodListTableViewCell.xib */ = {isa = PBXFileReference; lastKnownFileType = file.xib; path = FoodListTableViewCell.xib; sourceTree = "<group>"; };
		4B9A629D2B1A164F00FF43E7 /* FoodListViewController.swift */ = {isa = PBXFileReference; lastKnownFileType = sourcecode.swift; path = FoodListViewController.swift; sourceTree = "<group>"; };
/* End PBXFileReference section */

/* Begin PBXFrameworksBuildPhase section */
		4B8CE3762B18A20D00E34BCD /* Frameworks */ = {
			isa = PBXFrameworksBuildPhase;
			buildActionMask = 2147483647;
			files = (
				4B614CA02B19B07C00F23DCC /* FirebaseDatabase in Frameworks */,
				4B614CAE2B19B07C00F23DCC /* FirebaseFunctionsCombine-Community in Frameworks */,
				4B614CA62B19B07C00F23DCC /* FirebaseFirestore in Frameworks */,
				4B614C922B19B07C00F23DCC /* FirebaseAnalyticsSwift in Frameworks */,
				4B614C8E2B19B07C00F23DCC /* FirebaseAnalytics in Frameworks */,
				4B614C902B19B07C00F23DCC /* FirebaseAnalyticsOnDeviceConversion in Frameworks */,
				4B614CAA2B19B07C00F23DCC /* FirebaseFirestoreSwift in Frameworks */,
				4B614C962B19B07C00F23DCC /* FirebaseAppCheck in Frameworks */,
				4B614C942B19B07C00F23DCC /* FirebaseAnalyticsWithoutAdIdSupport in Frameworks */,
				4B614C9A2B19B07C00F23DCC /* FirebaseAuth in Frameworks */,
				4B614C9E2B19B07C00F23DCC /* FirebaseCrashlytics in Frameworks */,
				4B614CB02B19B07C00F23DCC /* FirebaseInAppMessaging-Beta in Frameworks */,
				4B614CA22B19B07C00F23DCC /* FirebaseDatabaseSwift in Frameworks */,
				4B614CAC2B19B07C00F23DCC /* FirebaseFunctions in Frameworks */,
				4B614C982B19B07C00F23DCC /* FirebaseAppDistribution-Beta in Frameworks */,
				4B614C9C2B19B07C00F23DCC /* FirebaseAuthCombine-Community in Frameworks */,
				4B614CA42B19B07C00F23DCC /* FirebaseDynamicLinks in Frameworks */,
				4B614CA82B19B07C00F23DCC /* FirebaseFirestoreCombine-Community in Frameworks */,
			);
			runOnlyForDeploymentPostprocessing = 0;
		};
/* End PBXFrameworksBuildPhase section */

/* Begin PBXGroup section */
		4B614CB32B19C90500F23DCC /* Frameworks */ = {
			isa = PBXGroup;
			children = (
			);
			name = Frameworks;
			sourceTree = "<group>";
		};
		4B614CB42B19D4A500F23DCC /* CollectionViewCells */ = {
			isa = PBXGroup;
			children = (
				4B9A628C2B1A028C00FF43E7 /* ChefSpecialCollectionViewCell */,
				4B614CBF2B19F69900F23DCC /* PopularCollectionViewCell */,
				4B614CB52B19D4B400F23DCC /* CategoryCollectionViewCell */,
			);
			path = CollectionViewCells;
			sourceTree = "<group>";
		};
		4B614CB52B19D4B400F23DCC /* CategoryCollectionViewCell */ = {
			isa = PBXGroup;
			children = (
				4B614CB62B19D4D100F23DCC /* CategoryCollectionViewCell.swift */,
				4B614CB72B19D4D100F23DCC /* CategoryCollectionViewCell.xib */,
			);
			path = CategoryCollectionViewCell;
			sourceTree = "<group>";
		};
		4B614CBC2B19DEE500F23DCC /* CardView */ = {
			isa = PBXGroup;
			children = (
				4B614CBD2B19DF0000F23DCC /* CardView.swift */,
			);
			path = CardView;
			sourceTree = "<group>";
		};
		4B614CBF2B19F69900F23DCC /* PopularCollectionViewCell */ = {
			isa = PBXGroup;
			children = (
				4B614CC22B19F6D500F23DCC /* PopularCollectionViewCell.swift */,
				4B614CC32B19F6D500F23DCC /* PopularCollectionViewCell.xib */,
			);
			path = PopularCollectionViewCell;
			sourceTree = "<group>";
		};
		4B614CC82B1A015300F23DCC /* Extension */ = {
			isa = PBXGroup;
			children = (
				4B614CC92B1A015E00F23DCC /* UIView+Extension.swift */,
				4B9A62942B1A0DC200FF43E7 /* UIViewController+Extension.swift */,
			);
			path = Extension;
			sourceTree = "<group>";
		};
		4B8CE3702B18A20D00E34BCD = {
			isa = PBXGroup;
			children = (
				4B8CE37B2B18A20D00E34BCD /* VeganFuel */,
				4B8CE37A2B18A20D00E34BCD /* Products */,
				4B614CB32B19C90500F23DCC /* Frameworks */,
			);
			sourceTree = "<group>";
		};
		4B8CE37A2B18A20D00E34BCD /* Products */ = {
			isa = PBXGroup;
			children = (
				4B8CE3792B18A20D00E34BCD /* VeganFuel.app */,
			);
			name = Products;
			sourceTree = "<group>";
		};
		4B8CE37B2B18A20D00E34BCD /* VeganFuel */ = {
			isa = PBXGroup;
			children = (
				4B614CC82B1A015300F23DCC /* Extension */,
				4B8CE3952B18A42E00E34BCD /* CustomViews */,
				4B8CE3942B18A42100E34BCD /* Views */,
				4B8CE3932B18A41900E34BCD /* Models */,
				4B8CE37C2B18A20D00E34BCD /* AppDelegate.swift */,
				4B8CE37E2B18A20D00E34BCD /* SceneDelegate.swift */,
				4B8CE3822B18A20D00E34BCD /* Main.storyboard */,
				4B8CE3882B18A20F00E34BCD /* Assets.xcassets */,
				4B8CE38A2B18A20F00E34BCD /* LaunchScreen.storyboard */,
				4B8CE38D2B18A20F00E34BCD /* Info.plist */,
				4B8CE3852B18A20D00E34BCD /* VeganFuel.xcdatamodeld */,
				4B614C8A2B19ADEC00F23DCC /* GoogleService-Info.plist */,
			);
			path = VeganFuel;
			sourceTree = "<group>";
		};
		4B8CE3932B18A41900E34BCD /* Models */ = {
			isa = PBXGroup;
			children = (
				4B8CE3992B18A7E300E34BCD /* OnboardingSlide.swift */,
				4B614CB12B19BB8F00F23DCC /* Users.swift */,
				4B614CBA2B19D64400F23DCC /* DishCategory.swift */,
				4B614CC62B19F7F500F23DCC /* Foods.swift */,
			);
			path = Models;
			sourceTree = "<group>";
		};
		4B8CE3942B18A42100E34BCD /* Views */ = {
			isa = PBXGroup;
			children = (
				4B9A629C2B1A163A00FF43E7 /* FoodList */,
				4B9A62912B1A0C6B00FF43E7 /* FoodDetails */,
				4B8CE3A02B18C05E00E34BCD /* Login & Register */,
				4B8CE39D2B18BF7E00E34BCD /* Home */,
				4B8CE3962B18A43F00E34BCD /* Onboarding */,
			);
			path = Views;
			sourceTree = "<group>";
		};
		4B8CE3952B18A42E00E34BCD /* CustomViews */ = {
			isa = PBXGroup;
			children = (
				4B9A62962B1A131D00FF43E7 /* TableViewCells */,
				4B614CBC2B19DEE500F23DCC /* CardView */,
				4B614CB42B19D4A500F23DCC /* CollectionViewCells */,
			);
			path = CustomViews;
			sourceTree = "<group>";
		};
		4B8CE3962B18A43F00E34BCD /* Onboarding */ = {
			isa = PBXGroup;
			children = (
				4B8CE3972B18A46100E34BCD /* OnboardingViewController.swift */,
				4B8CE39B2B18A98900E34BCD /* OnboardingCollectionViewCell.swift */,
			);
			path = Onboarding;
			sourceTree = "<group>";
		};
		4B8CE39D2B18BF7E00E34BCD /* Home */ = {
			isa = PBXGroup;
			children = (
				4B8CE39E2B18BF9300E34BCD /* HomeViewController.swift */,
			);
			path = Home;
			sourceTree = "<group>";
		};
		4B8CE3A02B18C05E00E34BCD /* Login & Register */ = {
			isa = PBXGroup;
			children = (
				4B8CE3A12B18C06D00E34BCD /* LoginViewController.swift */,
				4B8CE3A32B18C9CA00E34BCD /* RegisterViewController.swift */,
			);
			path = "Login & Register";
			sourceTree = "<group>";
		};
		4B9A628C2B1A028C00FF43E7 /* ChefSpecialCollectionViewCell */ = {
			isa = PBXGroup;
			children = (
				4B9A628D2B1A02A400FF43E7 /* ChefSpecialCollectionViewCell.swift */,
				4B9A628E2B1A02A400FF43E7 /* ChefSpecialCollectionViewCell.xib */,
			);
			path = ChefSpecialCollectionViewCell;
			sourceTree = "<group>";
		};
		4B9A62912B1A0C6B00FF43E7 /* FoodDetails */ = {
			isa = PBXGroup;
			children = (
				4B9A62922B1A0C8500FF43E7 /* FoodDetailViewController.swift */,
			);
			path = FoodDetails;
			sourceTree = "<group>";
		};
		4B9A62962B1A131D00FF43E7 /* TableViewCells */ = {
			isa = PBXGroup;
			children = (
				4B9A62972B1A132600FF43E7 /* FoodListTableViewCell */,
			);
			path = TableViewCells;
			sourceTree = "<group>";
		};
		4B9A62972B1A132600FF43E7 /* FoodListTableViewCell */ = {
			isa = PBXGroup;
			children = (
				4B9A62982B1A134000FF43E7 /* FoodListTableViewCell.swift */,
				4B9A62992B1A134000FF43E7 /* FoodListTableViewCell.xib */,
			);
			path = FoodListTableViewCell;
			sourceTree = "<group>";
		};
		4B9A629C2B1A163A00FF43E7 /* FoodList */ = {
			isa = PBXGroup;
			children = (
				4B9A629D2B1A164F00FF43E7 /* FoodListViewController.swift */,
			);
			path = FoodList;
			sourceTree = "<group>";
		};
/* End PBXGroup section */

/* Begin PBXNativeTarget section */
		4B8CE3782B18A20D00E34BCD /* VeganFuel */ = {
			isa = PBXNativeTarget;
			buildConfigurationList = 4B8CE3902B18A20F00E34BCD /* Build configuration list for PBXNativeTarget "VeganFuel" */;
			buildPhases = (
				4B8CE3752B18A20D00E34BCD /* Sources */,
				4B8CE3762B18A20D00E34BCD /* Frameworks */,
				4B8CE3772B18A20D00E34BCD /* Resources */,
			);
			buildRules = (
			);
			dependencies = (
			);
			name = VeganFuel;
			packageProductDependencies = (
				4B614C8D2B19B07C00F23DCC /* FirebaseAnalytics */,
				4B614C8F2B19B07C00F23DCC /* FirebaseAnalyticsOnDeviceConversion */,
				4B614C912B19B07C00F23DCC /* FirebaseAnalyticsSwift */,
				4B614C932B19B07C00F23DCC /* FirebaseAnalyticsWithoutAdIdSupport */,
				4B614C952B19B07C00F23DCC /* FirebaseAppCheck */,
				4B614C972B19B07C00F23DCC /* FirebaseAppDistribution-Beta */,
				4B614C992B19B07C00F23DCC /* FirebaseAuth */,
				4B614C9B2B19B07C00F23DCC /* FirebaseAuthCombine-Community */,
				4B614C9D2B19B07C00F23DCC /* FirebaseCrashlytics */,
				4B614C9F2B19B07C00F23DCC /* FirebaseDatabase */,
				4B614CA12B19B07C00F23DCC /* FirebaseDatabaseSwift */,
				4B614CA32B19B07C00F23DCC /* FirebaseDynamicLinks */,
				4B614CA52B19B07C00F23DCC /* FirebaseFirestore */,
				4B614CA72B19B07C00F23DCC /* FirebaseFirestoreCombine-Community */,
				4B614CA92B19B07C00F23DCC /* FirebaseFirestoreSwift */,
				4B614CAB2B19B07C00F23DCC /* FirebaseFunctions */,
				4B614CAD2B19B07C00F23DCC /* FirebaseFunctionsCombine-Community */,
				4B614CAF2B19B07C00F23DCC /* FirebaseInAppMessaging-Beta */,
			);
			productName = VeganFuel;
			productReference = 4B8CE3792B18A20D00E34BCD /* VeganFuel.app */;
			productType = "com.apple.product-type.application";
		};
/* End PBXNativeTarget section */

/* Begin PBXProject section */
		4B8CE3712B18A20D00E34BCD /* Project object */ = {
			isa = PBXProject;
			attributes = {
				BuildIndependentTargetsInParallel = 1;
				LastSwiftUpdateCheck = 1500;
				LastUpgradeCheck = 1500;
				TargetAttributes = {
					4B8CE3782B18A20D00E34BCD = {
						CreatedOnToolsVersion = 15.0.1;
					};
				};
			};
			buildConfigurationList = 4B8CE3742B18A20D00E34BCD /* Build configuration list for PBXProject "VeganFuel" */;
			compatibilityVersion = "Xcode 14.0";
			developmentRegion = en;
			hasScannedForEncodings = 0;
			knownRegions = (
				en,
				Base,
			);
			mainGroup = 4B8CE3702B18A20D00E34BCD;
			packageReferences = (
				4B614C8C2B19B07C00F23DCC /* XCRemoteSwiftPackageReference "firebase-ios-sdk" */,
			);
			productRefGroup = 4B8CE37A2B18A20D00E34BCD /* Products */;
			projectDirPath = "";
			projectRoot = "";
			targets = (
				4B8CE3782B18A20D00E34BCD /* VeganFuel */,
			);
		};
/* End PBXProject section */

/* Begin PBXResourcesBuildPhase section */
		4B8CE3772B18A20D00E34BCD /* Resources */ = {
			isa = PBXResourcesBuildPhase;
			buildActionMask = 2147483647;
			files = (
				4B8CE38C2B18A20F00E34BCD /* LaunchScreen.storyboard in Resources */,
				4B9A629B2B1A134000FF43E7 /* FoodListTableViewCell.xib in Resources */,
				4B614CB92B19D4D100F23DCC /* CategoryCollectionViewCell.xib in Resources */,
				4B9A62902B1A02A400FF43E7 /* ChefSpecialCollectionViewCell.xib in Resources */,
				4B614C8B2B19ADEC00F23DCC /* GoogleService-Info.plist in Resources */,
				4B8CE3892B18A20F00E34BCD /* Assets.xcassets in Resources */,
				4B614CC52B19F6D500F23DCC /* PopularCollectionViewCell.xib in Resources */,
				4B8CE3842B18A20D00E34BCD /* Main.storyboard in Resources */,
			);
			runOnlyForDeploymentPostprocessing = 0;
		};
/* End PBXResourcesBuildPhase section */

/* Begin PBXSourcesBuildPhase section */
		4B8CE3752B18A20D00E34BCD /* Sources */ = {
			isa = PBXSourcesBuildPhase;
			buildActionMask = 2147483647;
			files = (
				4B614CC72B19F7F600F23DCC /* Foods.swift in Sources */,
				4B8CE3A42B18C9CA00E34BCD /* RegisterViewController.swift in Sources */,
				4B614CCA2B1A015E00F23DCC /* UIView+Extension.swift in Sources */,
				4B8CE39A2B18A7E300E34BCD /* OnboardingSlide.swift in Sources */,
				4B614CB22B19BB8F00F23DCC /* Users.swift in Sources */,
				4B8CE37D2B18A20D00E34BCD /* AppDelegate.swift in Sources */,
				4B614CC42B19F6D500F23DCC /* PopularCollectionViewCell.swift in Sources */,
				4B8CE3982B18A46100E34BCD /* OnboardingViewController.swift in Sources */,
				4B9A62952B1A0DC200FF43E7 /* UIViewController+Extension.swift in Sources */,
				4B8CE37F2B18A20D00E34BCD /* SceneDelegate.swift in Sources */,
				4B9A62932B1A0C8500FF43E7 /* FoodDetailViewController.swift in Sources */,
				4B8CE3A22B18C06D00E34BCD /* LoginViewController.swift in Sources */,
				4B614CBE2B19DF0000F23DCC /* CardView.swift in Sources */,
				4B9A629A2B1A134000FF43E7 /* FoodListTableViewCell.swift in Sources */,
				4B614CBB2B19D64400F23DCC /* DishCategory.swift in Sources */,
				4B9A629E2B1A164F00FF43E7 /* FoodListViewController.swift in Sources */,
				4B8CE3872B18A20D00E34BCD /* VeganFuel.xcdatamodeld in Sources */,
				4B614CB82B19D4D100F23DCC /* CategoryCollectionViewCell.swift in Sources */,
				4B8CE39F2B18BF9300E34BCD /* HomeViewController.swift in Sources */,
				4B9A628F2B1A02A400FF43E7 /* ChefSpecialCollectionViewCell.swift in Sources */,
				4B8CE39C2B18A98900E34BCD /* OnboardingCollectionViewCell.swift in Sources */,
			);
			runOnlyForDeploymentPostprocessing = 0;
		};
/* End PBXSourcesBuildPhase section */

/* Begin PBXVariantGroup section */
		4B8CE3822B18A20D00E34BCD /* Main.storyboard */ = {
			isa = PBXVariantGroup;
			children = (
				4B8CE3832B18A20D00E34BCD /* Base */,
			);
			name = Main.storyboard;
			sourceTree = "<group>";
		};
		4B8CE38A2B18A20F00E34BCD /* LaunchScreen.storyboard */ = {
			isa = PBXVariantGroup;
			children = (
				4B8CE38B2B18A20F00E34BCD /* Base */,
			);
			name = LaunchScreen.storyboard;
			sourceTree = "<group>";
		};
/* End PBXVariantGroup section */

/* Begin XCBuildConfiguration section */
		4B8CE38E2B18A20F00E34BCD /* Debug */ = {
			isa = XCBuildConfiguration;
			buildSettings = {
				ALWAYS_SEARCH_USER_PATHS = NO;
				ASSETCATALOG_COMPILER_GENERATE_SWIFT_ASSET_SYMBOL_EXTENSIONS = YES;
				CLANG_ANALYZER_NONNULL = YES;
				CLANG_ANALYZER_NUMBER_OBJECT_CONVERSION = YES_AGGRESSIVE;
				CLANG_CXX_LANGUAGE_STANDARD = "gnu++20";
				CLANG_ENABLE_MODULES = YES;
				CLANG_ENABLE_OBJC_ARC = YES;
				CLANG_ENABLE_OBJC_WEAK = YES;
				CLANG_WARN_BLOCK_CAPTURE_AUTORELEASING = YES;
				CLANG_WARN_BOOL_CONVERSION = YES;
				CLANG_WARN_COMMA = YES;
				CLANG_WARN_CONSTANT_CONVERSION = YES;
				CLANG_WARN_DEPRECATED_OBJC_IMPLEMENTATIONS = YES;
				CLANG_WARN_DIRECT_OBJC_ISA_USAGE = YES_ERROR;
				CLANG_WARN_DOCUMENTATION_COMMENTS = YES;
				CLANG_WARN_EMPTY_BODY = YES;
				CLANG_WARN_ENUM_CONVERSION = YES;
				CLANG_WARN_INFINITE_RECURSION = YES;
				CLANG_WARN_INT_CONVERSION = YES;
				CLANG_WARN_NON_LITERAL_NULL_CONVERSION = YES;
				CLANG_WARN_OBJC_IMPLICIT_RETAIN_SELF = YES;
				CLANG_WARN_OBJC_LITERAL_CONVERSION = YES;
				CLANG_WARN_OBJC_ROOT_CLASS = YES_ERROR;
				CLANG_WARN_QUOTED_INCLUDE_IN_FRAMEWORK_HEADER = YES;
				CLANG_WARN_RANGE_LOOP_ANALYSIS = YES;
				CLANG_WARN_STRICT_PROTOTYPES = YES;
				CLANG_WARN_SUSPICIOUS_MOVE = YES;
				CLANG_WARN_UNGUARDED_AVAILABILITY = YES_AGGRESSIVE;
				CLANG_WARN_UNREACHABLE_CODE = YES;
				CLANG_WARN__DUPLICATE_METHOD_MATCH = YES;
				COPY_PHASE_STRIP = NO;
				DEBUG_INFORMATION_FORMAT = dwarf;
				ENABLE_STRICT_OBJC_MSGSEND = YES;
				ENABLE_TESTABILITY = YES;
				ENABLE_USER_SCRIPT_SANDBOXING = YES;
				GCC_C_LANGUAGE_STANDARD = gnu17;
				GCC_DYNAMIC_NO_PIC = NO;
				GCC_NO_COMMON_BLOCKS = YES;
				GCC_OPTIMIZATION_LEVEL = 0;
				GCC_PREPROCESSOR_DEFINITIONS = (
					"DEBUG=1",
					"$(inherited)",
				);
				GCC_WARN_64_TO_32_BIT_CONVERSION = YES;
				GCC_WARN_ABOUT_RETURN_TYPE = YES_ERROR;
				GCC_WARN_UNDECLARED_SELECTOR = YES;
				GCC_WARN_UNINITIALIZED_AUTOS = YES_AGGRESSIVE;
				GCC_WARN_UNUSED_FUNCTION = YES;
				GCC_WARN_UNUSED_VARIABLE = YES;
				IPHONEOS_DEPLOYMENT_TARGET = 17.0;
				LOCALIZATION_PREFERS_STRING_CATALOGS = YES;
				MTL_ENABLE_DEBUG_INFO = INCLUDE_SOURCE;
				MTL_FAST_MATH = YES;
				ONLY_ACTIVE_ARCH = YES;
				SDKROOT = iphoneos;
				SWIFT_ACTIVE_COMPILATION_CONDITIONS = "DEBUG $(inherited)";
				SWIFT_OPTIMIZATION_LEVEL = "-Onone";
			};
			name = Debug;
		};
		4B8CE38F2B18A20F00E34BCD /* Release */ = {
			isa = XCBuildConfiguration;
			buildSettings = {
				ALWAYS_SEARCH_USER_PATHS = NO;
				ASSETCATALOG_COMPILER_GENERATE_SWIFT_ASSET_SYMBOL_EXTENSIONS = YES;
				CLANG_ANALYZER_NONNULL = YES;
				CLANG_ANALYZER_NUMBER_OBJECT_CONVERSION = YES_AGGRESSIVE;
				CLANG_CXX_LANGUAGE_STANDARD = "gnu++20";
				CLANG_ENABLE_MODULES = YES;
				CLANG_ENABLE_OBJC_ARC = YES;
				CLANG_ENABLE_OBJC_WEAK = YES;
				CLANG_WARN_BLOCK_CAPTURE_AUTORELEASING = YES;
				CLANG_WARN_BOOL_CONVERSION = YES;
				CLANG_WARN_COMMA = YES;
				CLANG_WARN_CONSTANT_CONVERSION = YES;
				CLANG_WARN_DEPRECATED_OBJC_IMPLEMENTATIONS = YES;
				CLANG_WARN_DIRECT_OBJC_ISA_USAGE = YES_ERROR;
				CLANG_WARN_DOCUMENTATION_COMMENTS = YES;
				CLANG_WARN_EMPTY_BODY = YES;
				CLANG_WARN_ENUM_CONVERSION = YES;
				CLANG_WARN_INFINITE_RECURSION = YES;
				CLANG_WARN_INT_CONVERSION = YES;
				CLANG_WARN_NON_LITERAL_NULL_CONVERSION = YES;
				CLANG_WARN_OBJC_IMPLICIT_RETAIN_SELF = YES;
				CLANG_WARN_OBJC_LITERAL_CONVERSION = YES;
				CLANG_WARN_OBJC_ROOT_CLASS = YES_ERROR;
				CLANG_WARN_QUOTED_INCLUDE_IN_FRAMEWORK_HEADER = YES;
				CLANG_WARN_RANGE_LOOP_ANALYSIS = YES;
				CLANG_WARN_STRICT_PROTOTYPES = YES;
				CLANG_WARN_SUSPICIOUS_MOVE = YES;
				CLANG_WARN_UNGUARDED_AVAILABILITY = YES_AGGRESSIVE;
				CLANG_WARN_UNREACHABLE_CODE = YES;
				CLANG_WARN__DUPLICATE_METHOD_MATCH = YES;
				COPY_PHASE_STRIP = NO;
				DEBUG_INFORMATION_FORMAT = "dwarf-with-dsym";
				ENABLE_NS_ASSERTIONS = NO;
				ENABLE_STRICT_OBJC_MSGSEND = YES;
				ENABLE_USER_SCRIPT_SANDBOXING = YES;
				GCC_C_LANGUAGE_STANDARD = gnu17;
				GCC_NO_COMMON_BLOCKS = YES;
				GCC_WARN_64_TO_32_BIT_CONVERSION = YES;
				GCC_WARN_ABOUT_RETURN_TYPE = YES_ERROR;
				GCC_WARN_UNDECLARED_SELECTOR = YES;
				GCC_WARN_UNINITIALIZED_AUTOS = YES_AGGRESSIVE;
				GCC_WARN_UNUSED_FUNCTION = YES;
				GCC_WARN_UNUSED_VARIABLE = YES;
				IPHONEOS_DEPLOYMENT_TARGET = 17.0;
				LOCALIZATION_PREFERS_STRING_CATALOGS = YES;
				MTL_ENABLE_DEBUG_INFO = NO;
				MTL_FAST_MATH = YES;
				SDKROOT = iphoneos;
				SWIFT_COMPILATION_MODE = wholemodule;
				VALIDATE_PRODUCT = YES;
			};
			name = Release;
		};
		4B8CE3912B18A20F00E34BCD /* Debug */ = {
			isa = XCBuildConfiguration;
			buildSettings = {
				ASSETCATALOG_COMPILER_APPICON_NAME = AppIcon;
				ASSETCATALOG_COMPILER_GLOBAL_ACCENT_COLOR_NAME = AccentColor;
				CODE_SIGN_STYLE = Automatic;
				CURRENT_PROJECT_VERSION = 1;
				DEVELOPMENT_TEAM = 7W2V9NKB38;
				GENERATE_INFOPLIST_FILE = YES;
				INFOPLIST_FILE = VeganFuel/Info.plist;
				INFOPLIST_KEY_UIApplicationSupportsIndirectInputEvents = YES;
				INFOPLIST_KEY_UILaunchStoryboardName = LaunchScreen;
				INFOPLIST_KEY_UIMainStoryboardFile = Main;
				INFOPLIST_KEY_UISupportedInterfaceOrientations = UIInterfaceOrientationPortrait;
				LD_RUNPATH_SEARCH_PATHS = (
					"$(inherited)",
					"@executable_path/Frameworks",
				);
				MARKETING_VERSION = 1.0;
				PRODUCT_BUNDLE_IDENTIFIER = com.diertapasific.VeganFuel;
				PRODUCT_NAME = "$(TARGET_NAME)";
				SWIFT_EMIT_LOC_STRINGS = YES;
				SWIFT_VERSION = 5.0;
				TARGETED_DEVICE_FAMILY = "1,2";
			};
			name = Debug;
		};
		4B8CE3922B18A20F00E34BCD /* Release */ = {
			isa = XCBuildConfiguration;
			buildSettings = {
				ASSETCATALOG_COMPILER_APPICON_NAME = AppIcon;
				ASSETCATALOG_COMPILER_GLOBAL_ACCENT_COLOR_NAME = AccentColor;
				CODE_SIGN_STYLE = Automatic;
				CURRENT_PROJECT_VERSION = 1;
				DEVELOPMENT_TEAM = 7W2V9NKB38;
				GENERATE_INFOPLIST_FILE = YES;
				INFOPLIST_FILE = VeganFuel/Info.plist;
				INFOPLIST_KEY_UIApplicationSupportsIndirectInputEvents = YES;
				INFOPLIST_KEY_UILaunchStoryboardName = LaunchScreen;
				INFOPLIST_KEY_UIMainStoryboardFile = Main;
				INFOPLIST_KEY_UISupportedInterfaceOrientations = UIInterfaceOrientationPortrait;
				LD_RUNPATH_SEARCH_PATHS = (
					"$(inherited)",
					"@executable_path/Frameworks",
				);
				MARKETING_VERSION = 1.0;
				PRODUCT_BUNDLE_IDENTIFIER = com.diertapasific.VeganFuel;
				PRODUCT_NAME = "$(TARGET_NAME)";
				SWIFT_EMIT_LOC_STRINGS = YES;
				SWIFT_VERSION = 5.0;
				TARGETED_DEVICE_FAMILY = "1,2";
			};
			name = Release;
		};
/* End XCBuildConfiguration section */

/* Begin XCConfigurationList section */
		4B8CE3742B18A20D00E34BCD /* Build configuration list for PBXProject "VeganFuel" */ = {
			isa = XCConfigurationList;
			buildConfigurations = (
				4B8CE38E2B18A20F00E34BCD /* Debug */,
				4B8CE38F2B18A20F00E34BCD /* Release */,
			);
			defaultConfigurationIsVisible = 0;
			defaultConfigurationName = Release;
		};
		4B8CE3902B18A20F00E34BCD /* Build configuration list for PBXNativeTarget "VeganFuel" */ = {
			isa = XCConfigurationList;
			buildConfigurations = (
				4B8CE3912B18A20F00E34BCD /* Debug */,
				4B8CE3922B18A20F00E34BCD /* Release */,
			);
			defaultConfigurationIsVisible = 0;
			defaultConfigurationName = Release;
		};
/* End XCConfigurationList section */

/* Begin XCRemoteSwiftPackageReference section */
		4B614C8C2B19B07C00F23DCC /* XCRemoteSwiftPackageReference "firebase-ios-sdk" */ = {
			isa = XCRemoteSwiftPackageReference;
			repositoryURL = "https://github.com/firebase/firebase-ios-sdk";
			requirement = {
				branch = master;
				kind = branch;
			};
		};
/* End XCRemoteSwiftPackageReference section */

/* Begin XCSwiftPackageProductDependency section */
		4B614C8D2B19B07C00F23DCC /* FirebaseAnalytics */ = {
			isa = XCSwiftPackageProductDependency;
			package = 4B614C8C2B19B07C00F23DCC /* XCRemoteSwiftPackageReference "firebase-ios-sdk" */;
			productName = FirebaseAnalytics;
		};
		4B614C8F2B19B07C00F23DCC /* FirebaseAnalyticsOnDeviceConversion */ = {
			isa = XCSwiftPackageProductDependency;
			package = 4B614C8C2B19B07C00F23DCC /* XCRemoteSwiftPackageReference "firebase-ios-sdk" */;
			productName = FirebaseAnalyticsOnDeviceConversion;
		};
		4B614C912B19B07C00F23DCC /* FirebaseAnalyticsSwift */ = {
			isa = XCSwiftPackageProductDependency;
			package = 4B614C8C2B19B07C00F23DCC /* XCRemoteSwiftPackageReference "firebase-ios-sdk" */;
			productName = FirebaseAnalyticsSwift;
		};
		4B614C932B19B07C00F23DCC /* FirebaseAnalyticsWithoutAdIdSupport */ = {
			isa = XCSwiftPackageProductDependency;
			package = 4B614C8C2B19B07C00F23DCC /* XCRemoteSwiftPackageReference "firebase-ios-sdk" */;
			productName = FirebaseAnalyticsWithoutAdIdSupport;
		};
		4B614C952B19B07C00F23DCC /* FirebaseAppCheck */ = {
			isa = XCSwiftPackageProductDependency;
			package = 4B614C8C2B19B07C00F23DCC /* XCRemoteSwiftPackageReference "firebase-ios-sdk" */;
			productName = FirebaseAppCheck;
		};
		4B614C972B19B07C00F23DCC /* FirebaseAppDistribution-Beta */ = {
			isa = XCSwiftPackageProductDependency;
			package = 4B614C8C2B19B07C00F23DCC /* XCRemoteSwiftPackageReference "firebase-ios-sdk" */;
			productName = "FirebaseAppDistribution-Beta";
		};
		4B614C992B19B07C00F23DCC /* FirebaseAuth */ = {
			isa = XCSwiftPackageProductDependency;
			package = 4B614C8C2B19B07C00F23DCC /* XCRemoteSwiftPackageReference "firebase-ios-sdk" */;
			productName = FirebaseAuth;
		};
		4B614C9B2B19B07C00F23DCC /* FirebaseAuthCombine-Community */ = {
			isa = XCSwiftPackageProductDependency;
			package = 4B614C8C2B19B07C00F23DCC /* XCRemoteSwiftPackageReference "firebase-ios-sdk" */;
			productName = "FirebaseAuthCombine-Community";
		};
		4B614C9D2B19B07C00F23DCC /* FirebaseCrashlytics */ = {
			isa = XCSwiftPackageProductDependency;
			package = 4B614C8C2B19B07C00F23DCC /* XCRemoteSwiftPackageReference "firebase-ios-sdk" */;
			productName = FirebaseCrashlytics;
		};
		4B614C9F2B19B07C00F23DCC /* FirebaseDatabase */ = {
			isa = XCSwiftPackageProductDependency;
			package = 4B614C8C2B19B07C00F23DCC /* XCRemoteSwiftPackageReference "firebase-ios-sdk" */;
			productName = FirebaseDatabase;
		};
		4B614CA12B19B07C00F23DCC /* FirebaseDatabaseSwift */ = {
			isa = XCSwiftPackageProductDependency;
			package = 4B614C8C2B19B07C00F23DCC /* XCRemoteSwiftPackageReference "firebase-ios-sdk" */;
			productName = FirebaseDatabaseSwift;
		};
		4B614CA32B19B07C00F23DCC /* FirebaseDynamicLinks */ = {
			isa = XCSwiftPackageProductDependency;
			package = 4B614C8C2B19B07C00F23DCC /* XCRemoteSwiftPackageReference "firebase-ios-sdk" */;
			productName = FirebaseDynamicLinks;
		};
		4B614CA52B19B07C00F23DCC /* FirebaseFirestore */ = {
			isa = XCSwiftPackageProductDependency;
			package = 4B614C8C2B19B07C00F23DCC /* XCRemoteSwiftPackageReference "firebase-ios-sdk" */;
			productName = FirebaseFirestore;
		};
		4B614CA72B19B07C00F23DCC /* FirebaseFirestoreCombine-Community */ = {
			isa = XCSwiftPackageProductDependency;
			package = 4B614C8C2B19B07C00F23DCC /* XCRemoteSwiftPackageReference "firebase-ios-sdk" */;
			productName = "FirebaseFirestoreCombine-Community";
		};
		4B614CA92B19B07C00F23DCC /* FirebaseFirestoreSwift */ = {
			isa = XCSwiftPackageProductDependency;
			package = 4B614C8C2B19B07C00F23DCC /* XCRemoteSwiftPackageReference "firebase-ios-sdk" */;
			productName = FirebaseFirestoreSwift;
		};
		4B614CAB2B19B07C00F23DCC /* FirebaseFunctions */ = {
			isa = XCSwiftPackageProductDependency;
			package = 4B614C8C2B19B07C00F23DCC /* XCRemoteSwiftPackageReference "firebase-ios-sdk" */;
			productName = FirebaseFunctions;
		};
		4B614CAD2B19B07C00F23DCC /* FirebaseFunctionsCombine-Community */ = {
			isa = XCSwiftPackageProductDependency;
			package = 4B614C8C2B19B07C00F23DCC /* XCRemoteSwiftPackageReference "firebase-ios-sdk" */;
			productName = "FirebaseFunctionsCombine-Community";
		};
		4B614CAF2B19B07C00F23DCC /* FirebaseInAppMessaging-Beta */ = {
			isa = XCSwiftPackageProductDependency;
			package = 4B614C8C2B19B07C00F23DCC /* XCRemoteSwiftPackageReference "firebase-ios-sdk" */;
			productName = "FirebaseInAppMessaging-Beta";
		};
/* End XCSwiftPackageProductDependency section */

/* Begin XCVersionGroup section */
		4B8CE3852B18A20D00E34BCD /* VeganFuel.xcdatamodeld */ = {
			isa = XCVersionGroup;
			children = (
				4B8CE3862B18A20D00E34BCD /* VeganFuel.xcdatamodel */,
			);
			currentVersion = 4B8CE3862B18A20D00E34BCD /* VeganFuel.xcdatamodel */;
			path = VeganFuel.xcdatamodeld;
			sourceTree = "<group>";
			versionGroupType = wrapper.xcdatamodel;
		};
/* End XCVersionGroup section */
	};
	rootObject = 4B8CE3712B18A20D00E34BCD /* Project object */;
}
